
Microsoft Visual Studio Solution File, Format Version 12.00
# Visual Studio Version 17
VisualStudioVersion = 17.6.33829.357
MinimumVisualStudioVersion = 10.0.40219.1
Project("{2150E333-8FDC-42A3-9474-1A3956D46DE8}") = "BackEnd", "BackEnd", "{F99A9C34-5152-4F55-BA7D-695F8EB4E037}"
EndProject
Project("{2150E333-8FDC-42A3-9474-1A3956D46DE8}") = "FrontEnd", "FrontEnd", "{6E02DC1F-BCF2-44B1-ADDE-5998E00F80E4}"
EndProject
Project("{FAE04EC0-301F-11D3-BF4B-00C04F79EFBC}") = "WebApi", "WebApi\WebApi.csproj", "{A92E93F7-9D4D-4DB8-90B6-CF99AC5897BE}"
EndProject
Project("{FAE04EC0-301F-11D3-BF4B-00C04F79EFBC}") = "Business", "Business\Business.csproj", "{4282ACBD-604B-439D-98B8-6C33FAE77593}"
EndProject
Project("{FAE04EC0-301F-11D3-BF4B-00C04F79EFBC}") = "Core", "Core\Core.csproj", "{752DD4A7-D6B8-497C-A667-744AE8406A01}"
EndProject
Project("{FAE04EC0-301F-11D3-BF4B-00C04F79EFBC}") = "DataAccess", "DataAccess\DataAccess.csproj", "{6CC4D9D0-DED7-4A6F-801E-803830DBF416}"
EndProject
Project("{FAE04EC0-301F-11D3-BF4B-00C04F79EFBC}") = "Entities", "Entities\Entities.csproj", "{A01A3289-A0CD-49C1-A781-2C457E3D774E}"
EndProject
Project("{FAE04EC0-301F-11D3-BF4B-00C04F79EFBC}") = "XUnitTest", "XUnitTest\XUnitTest.csproj", "{12A18F97-058A-4E63-99E0-6A0464FB464D}"
EndProject
Project("{FAE04EC0-301F-11D3-BF4B-00C04F79EFBC}") = "BlazorWasmApp", "BlazorWasmApp\BlazorWasmApp.csproj", "{1959A229-A612-4EDF-AB7A-86874257620B}"
EndProject
Global
	GlobalSection(SolutionConfigurationPlatforms) = preSolution
		Debug|Any CPU = Debug|Any CPU
		Release|Any CPU = Release|Any CPU
	EndGlobalSection
	GlobalSection(ProjectConfigurationPlatforms) = postSolution
		{A92E93F7-9D4D-4DB8-90B6-CF99AC5897BE}.Debug|Any CPU.ActiveCfg = Debug|Any CPU
		{A92E93F7-9D4D-4DB8-90B6-CF99AC5897BE}.Debug|Any CPU.Build.0 = Debug|Any CPU
		{A92E93F7-9D4D-4DB8-90B6-CF99AC5897BE}.Release|Any CPU.ActiveCfg = Release|Any CPU
		{A92E93F7-9D4D-4DB8-90B6-CF99AC5897BE}.Release|Any CPU.Build.0 = Release|Any CPU
		{4282ACBD-604B-439D-98B8-6C33FAE77593}.Debug|Any CPU.ActiveCfg = Debug|Any CPU
		{4282ACBD-604B-439D-98B8-6C33FAE77593}.Debug|Any CPU.Build.0 = Debug|Any CPU
		{4282ACBD-604B-439D-98B8-6C33FAE77593}.Release|Any CPU.ActiveCfg = Release|Any CPU
		{4282ACBD-604B-439D-98B8-6C33FAE77593}.Release|Any CPU.Build.0 = Release|Any CPU
		{752DD4A7-D6B8-497C-A667-744AE8406A01}.Debug|Any CPU.ActiveCfg = Debug|Any CPU
		{752DD4A7-D6B8-497C-A667-744AE8406A01}.Debug|Any CPU.Build.0 = Debug|Any CPU
		{752DD4A7-D6B8-497C-A667-744AE8406A01}.Release|Any CPU.ActiveCfg = Release|Any CPU
		{752DD4A7-D6B8-497C-A667-744AE8406A01}.Release|Any CPU.Build.0 = Release|Any CPU
		{6CC4D9D0-DED7-4A6F-801E-803830DBF416}.Debug|Any CPU.ActiveCfg = Debug|Any CPU
		{6CC4D9D0-DED7-4A6F-801E-803830DBF416}.Debug|Any CPU.Build.0 = Debug|Any CPU
		{6CC4D9D0-DED7-4A6F-801E-803830DBF416}.Release|Any CPU.ActiveCfg = Release|Any CPU
		{6CC4D9D0-DED7-4A6F-801E-803830DBF416}.Release|Any CPU.Build.0 = Release|Any CPU
		{A01A3289-A0CD-49C1-A781-2C457E3D774E}.Debug|Any CPU.ActiveCfg = Debug|Any CPU
		{A01A3289-A0CD-49C1-A781-2C457E3D774E}.Debug|Any CPU.Build.0 = Debug|Any CPU
		{A01A3289-A0CD-49C1-A781-2C457E3D774E}.Release|Any CPU.ActiveCfg = Release|Any CPU
		{A01A3289-A0CD-49C1-A781-2C457E3D774E}.Release|Any CPU.Build.0 = Release|Any CPU
		{12A18F97-058A-4E63-99E0-6A0464FB464D}.Debug|Any CPU.ActiveCfg = Debug|Any CPU
		{12A18F97-058A-4E63-99E0-6A0464FB464D}.Debug|Any CPU.Build.0 = Debug|Any CPU
		{12A18F97-058A-4E63-99E0-6A0464FB464D}.Release|Any CPU.ActiveCfg = Release|Any CPU
		{12A18F97-058A-4E63-99E0-6A0464FB464D}.Release|Any CPU.Build.0 = Release|Any CPU
		{1959A229-A612-4EDF-AB7A-86874257620B}.Debug|Any CPU.ActiveCfg = Debug|Any CPU
		{1959A229-A612-4EDF-AB7A-86874257620B}.Debug|Any CPU.Build.0 = Debug|Any CPU
		{1959A229-A612-4EDF-AB7A-86874257620B}.Release|Any CPU.ActiveCfg = Release|Any CPU
		{1959A229-A612-4EDF-AB7A-86874257620B}.Release|Any CPU.Build.0 = Release|Any CPU
	EndGlobalSection
	GlobalSection(SolutionProperties) = preSolution
		HideSolutionNode = FALSE
	EndGlobalSection
	GlobalSection(NestedProjects) = preSolution
		{A92E93F7-9D4D-4DB8-90B6-CF99AC5897BE} = {F99A9C34-5152-4F55-BA7D-695F8EB4E037}
		{4282ACBD-604B-439D-98B8-6C33FAE77593} = {F99A9C34-5152-4F55-BA7D-695F8EB4E037}
		{752DD4A7-D6B8-497C-A667-744AE8406A01} = {F99A9C34-5152-4F55-BA7D-695F8EB4E037}
		{6CC4D9D0-DED7-4A6F-801E-803830DBF416} = {F99A9C34-5152-4F55-BA7D-695F8EB4E037}
		{A01A3289-A0CD-49C1-A781-2C457E3D774E} = {F99A9C34-5152-4F55-BA7D-695F8EB4E037}
		{12A18F97-058A-4E63-99E0-6A0464FB464D} = {F99A9C34-5152-4F55-BA7D-695F8EB4E037}
		{1959A229-A612-4EDF-AB7A-86874257620B} = {6E02DC1F-BCF2-44B1-ADDE-5998E00F80E4}
	EndGlobalSection
	GlobalSection(ExtensibilityGlobals) = postSolution
		SolutionGuid = {7605F461-E4BC-4B00-8795-F78AC148B680}
	EndGlobalSection
EndGlobal
